
Microsoft Visual Studio Solution File, Format Version 12.00
# Visual Studio Version 17
VisualStudioVersion = 17.5.33402.96
MinimumVisualStudioVersion = 10.0.40219.1
Project("{9A19103F-16F7-4668-BE54-9A1E7A4F7556}") = "GameEngine", "GameEngine.csproj", "{D97A9B3E-9C8B-4412-8AC4-E567F5E1491A}"
EndProject
Global
	GlobalSection(SolutionConfigurationPlatforms) = preSolution
		Debug|Any CPU = Debug|Any CPU
		Debug|x64 = Debug|x64
		Release|Any CPU = Release|Any CPU
		Release|x64 = Release|x64
	EndGlobalSection
	GlobalSection(ProjectConfigurationPlatforms) = postSolution
		{D97A9B3E-9C8B-4412-8AC4-E567F5E1491A}.Debug|Any CPU.ActiveCfg = Debug|Any CPU
		{D97A9B3E-9C8B-4412-8AC4-E567F5E1491A}.Debug|Any CPU.Build.0 = Debug|Any CPU
		{D97A9B3E-9C8B-4412-8AC4-E567F5E1491A}.Debug|x64.ActiveCfg = Debug|x64
		{D97A9B3E-9C8B-4412-8AC4-E567F5E1491A}.Debug|x64.Build.0 = Debug|x64
		{D97A9B3E-9C8B-4412-8AC4-E567F5E1491A}.Release|Any CPU.ActiveCfg = Release|Any CPU
		{D97A9B3E-9C8B-4412-8AC4-E567F5E1491A}.Release|Any CPU.Build.0 = Release|Any CPU
		{D97A9B3E-9C8B-4412-8AC4-E567F5E1491A}.Release|x64.ActiveCfg = Release|x64
		{D97A9B3E-9C8B-4412-8AC4-E567F5E1491A}.Release|x64.Build.0 = Release|x64
	EndGlobalSection
	GlobalSection(SolutionProperties) = preSolution
		HideSolutionNode = FALSE
	EndGlobalSection
	GlobalSection(ExtensibilityGlobals) = postSolution
		SolutionGuid = {3305A902-78EC-4FAA-9CDA-3EF032B54943}
	EndGlobalSection
EndGlobal
